
Microsoft Visual Studio Solution File, Format Version 12.00
# Visual Studio 2013
VisualStudioVersion = 12.0.31101.0
MinimumVisualStudioVersion = 10.0.40219.1
Project("{2150E333-8FDC-42A3-9474-1A3956D46DE8}") = "src", "src", "{240EDD26-16E3-4806-8450-F5A9C26FE4D1}"
EndProject
Project("{2150E333-8FDC-42A3-9474-1A3956D46DE8}") = "tests", "tests", "{5C8529A7-9561-4DC6-B927-5FF48A87980F}"
EndProject
Project("{2150E333-8FDC-42A3-9474-1A3956D46DE8}") = "samples", "samples", "{80F53886-A38E-4018-BE7B-D5EA0258423C}"
EndProject
Project("{FAE04EC0-301F-11D3-BF4B-00C04F79EFBC}") = "WebFormsApp", "samples\WebFormsApp\WebFormsApp.csproj", "{6D182485-FE41-42F0-B746-1DB422F0C708}"
EndProject
Project("{FAE04EC0-301F-11D3-BF4B-00C04F79EFBC}") = "RetrIoc", "src\RetrIoc\RetrIoc.csproj", "{0B18E71D-4E4F-4EAA-AB01-155E96BB8D69}"
EndProject
Project("{FAE04EC0-301F-11D3-BF4B-00C04F79EFBC}") = "RetrIoc.Test.Unit", "tests\RetrIoc.Test.Unit\RetrIoc.Test.Unit.csproj", "{6FACF917-391E-4F70-9D12-02F795505EAF}"
EndProject
Project("{FAE04EC0-301F-11D3-BF4B-00C04F79EFBC}") = "RetrIoc.NET4", "src\RetrIoc\RetrIoc.NET4.csproj", "{9F69B685-A214-42B4-80B4-DA68BFEAF2D5}"
EndProject
Global
	GlobalSection(SolutionConfigurationPlatforms) = preSolution
		Debug|Any CPU = Debug|Any CPU
		Release|Any CPU = Release|Any CPU
	EndGlobalSection
	GlobalSection(ProjectConfigurationPlatforms) = postSolution
		{6D182485-FE41-42F0-B746-1DB422F0C708}.Debug|Any CPU.ActiveCfg = Debug|Any CPU
		{6D182485-FE41-42F0-B746-1DB422F0C708}.Debug|Any CPU.Build.0 = Debug|Any CPU
		{6D182485-FE41-42F0-B746-1DB422F0C708}.Release|Any CPU.ActiveCfg = Release|Any CPU
		{6D182485-FE41-42F0-B746-1DB422F0C708}.Release|Any CPU.Build.0 = Release|Any CPU
		{0B18E71D-4E4F-4EAA-AB01-155E96BB8D69}.Debug|Any CPU.ActiveCfg = Debug|Any CPU
		{0B18E71D-4E4F-4EAA-AB01-155E96BB8D69}.Debug|Any CPU.Build.0 = Debug|Any CPU
		{0B18E71D-4E4F-4EAA-AB01-155E96BB8D69}.Release|Any CPU.ActiveCfg = Release|Any CPU
		{0B18E71D-4E4F-4EAA-AB01-155E96BB8D69}.Release|Any CPU.Build.0 = Release|Any CPU
		{6FACF917-391E-4F70-9D12-02F795505EAF}.Debug|Any CPU.ActiveCfg = Debug|Any CPU
		{6FACF917-391E-4F70-9D12-02F795505EAF}.Debug|Any CPU.Build.0 = Debug|Any CPU
		{6FACF917-391E-4F70-9D12-02F795505EAF}.Release|Any CPU.ActiveCfg = Release|Any CPU
		{6FACF917-391E-4F70-9D12-02F795505EAF}.Release|Any CPU.Build.0 = Release|Any CPU
		{9F69B685-A214-42B4-80B4-DA68BFEAF2D5}.Debug|Any CPU.ActiveCfg = Debug|Any CPU
		{9F69B685-A214-42B4-80B4-DA68BFEAF2D5}.Debug|Any CPU.Build.0 = Debug|Any CPU
		{9F69B685-A214-42B4-80B4-DA68BFEAF2D5}.Release|Any CPU.ActiveCfg = Release|Any CPU
		{9F69B685-A214-42B4-80B4-DA68BFEAF2D5}.Release|Any CPU.Build.0 = Release|Any CPU
	EndGlobalSection
	GlobalSection(SolutionProperties) = preSolution
		HideSolutionNode = FALSE
	EndGlobalSection
	GlobalSection(NestedProjects) = preSolution
		{6D182485-FE41-42F0-B746-1DB422F0C708} = {80F53886-A38E-4018-BE7B-D5EA0258423C}
		{0B18E71D-4E4F-4EAA-AB01-155E96BB8D69} = {240EDD26-16E3-4806-8450-F5A9C26FE4D1}
		{6FACF917-391E-4F70-9D12-02F795505EAF} = {5C8529A7-9561-4DC6-B927-5FF48A87980F}
		{9F69B685-A214-42B4-80B4-DA68BFEAF2D5} = {240EDD26-16E3-4806-8450-F5A9C26FE4D1}
	EndGlobalSection
EndGlobal
